
Microsoft Visual Studio Solution File, Format Version 9.00
# Visual Studio 2005
Project("{FAE04EC0-301F-11D3-BF4B-00C04F79EFBC}") = "Intruders", "Intruders\Intruders.csproj", "{5AC106F6-E8DF-460B-8C85-265FED4BF46B}"
EndProject
Project("{FAE04EC0-301F-11D3-BF4B-00C04F79EFBC}") = "IntrudersUT", "IntrudersUT\IntrudersUT.csproj", "{F6FA37C0-FC33-48F1-BEFC-716BF57C298F}"
	ProjectSection(ProjectDependencies) = postProject
		{5AC106F6-E8DF-460B-8C85-265FED4BF46B} = {5AC106F6-E8DF-460B-8C85-265FED4BF46B}
	EndProjectSection
EndProject
Global
	GlobalSection(SolutionConfigurationPlatforms) = preSolution
		Debug|Any CPU = Debug|Any CPU
		Debug|Mixed Platforms = Debug|Mixed Platforms
		Debug|x86 = Debug|x86
		Release|Any CPU = Release|Any CPU
		Release|Mixed Platforms = Release|Mixed Platforms
		Release|x86 = Release|x86
	EndGlobalSection
	GlobalSection(ProjectConfigurationPlatforms) = postSolution
		{5AC106F6-E8DF-460B-8C85-265FED4BF46B}.Debug|Any CPU.ActiveCfg = Debug|x86
		{5AC106F6-E8DF-460B-8C85-265FED4BF46B}.Debug|Mixed Platforms.ActiveCfg = Debug|x86
		{5AC106F6-E8DF-460B-8C85-265FED4BF46B}.Debug|Mixed Platforms.Build.0 = Debug|x86
		{5AC106F6-E8DF-460B-8C85-265FED4BF46B}.Debug|x86.ActiveCfg = Debug|x86
		{5AC106F6-E8DF-460B-8C85-265FED4BF46B}.Debug|x86.Build.0 = Debug|x86
		{5AC106F6-E8DF-460B-8C85-265FED4BF46B}.Release|Any CPU.ActiveCfg = Release|x86
		{5AC106F6-E8DF-460B-8C85-265FED4BF46B}.Release|Mixed Platforms.ActiveCfg = Release|x86
		{5AC106F6-E8DF-460B-8C85-265FED4BF46B}.Release|Mixed Platforms.Build.0 = Release|x86
		{5AC106F6-E8DF-460B-8C85-265FED4BF46B}.Release|x86.ActiveCfg = Release|x86
		{5AC106F6-E8DF-460B-8C85-265FED4BF46B}.Release|x86.Build.0 = Release|x86
		{CF1B6292-1CF6-4AD7-A7B5-1D5714B928C9}.Debug|Any CPU.ActiveCfg = Debug|x86
		{CF1B6292-1CF6-4AD7-A7B5-1D5714B928C9}.Debug|Mixed Platforms.ActiveCfg = Debug|x86
		{CF1B6292-1CF6-4AD7-A7B5-1D5714B928C9}.Debug|x86.ActiveCfg = Debug|x86
		{CF1B6292-1CF6-4AD7-A7B5-1D5714B928C9}.Release|Any CPU.ActiveCfg = Release|x86
		{CF1B6292-1CF6-4AD7-A7B5-1D5714B928C9}.Release|Mixed Platforms.ActiveCfg = Release|x86
		{CF1B6292-1CF6-4AD7-A7B5-1D5714B928C9}.Release|x86.ActiveCfg = Release|x86
		{F6FA37C0-FC33-48F1-BEFC-716BF57C298F}.Debug|Any CPU.ActiveCfg = Debug|Any CPU
		{F6FA37C0-FC33-48F1-BEFC-716BF57C298F}.Debug|Any CPU.Build.0 = Debug|Any CPU
		{F6FA37C0-FC33-48F1-BEFC-716BF57C298F}.Debug|Mixed Platforms.ActiveCfg = Debug|Any CPU
		{F6FA37C0-FC33-48F1-BEFC-716BF57C298F}.Debug|Mixed Platforms.Build.0 = Debug|Any CPU
		{F6FA37C0-FC33-48F1-BEFC-716BF57C298F}.Debug|x86.ActiveCfg = Debug|Any CPU
		{F6FA37C0-FC33-48F1-BEFC-716BF57C298F}.Release|Any CPU.ActiveCfg = Release|Any CPU
		{F6FA37C0-FC33-48F1-BEFC-716BF57C298F}.Release|Any CPU.Build.0 = Release|Any CPU
		{F6FA37C0-FC33-48F1-BEFC-716BF57C298F}.Release|Mixed Platforms.ActiveCfg = Release|Any CPU
		{F6FA37C0-FC33-48F1-BEFC-716BF57C298F}.Release|Mixed Platforms.Build.0 = Release|Any CPU
		{F6FA37C0-FC33-48F1-BEFC-716BF57C298F}.Release|x86.ActiveCfg = Release|Any CPU
	EndGlobalSection
	GlobalSection(SolutionProperties) = preSolution
		HideSolutionNode = FALSE
	EndGlobalSection
EndGlobal
